
Microsoft Visual Studio Solution File, Format Version 12.00
#
Project("{FAE04EC0-301F-11D3-BF4B-00C04F79EFBC}") = "PokeSharp.Game", "PokeSharp.Game\PokeSharp.Game.csproj", "{6C026CBA-1899-4421-8C51-BC3854A0D102}"
EndProject
Project("{2150E333-8FDC-42A3-9474-1A3956D46DE8}") = "tests", "tests", "{A0295B21-2A7E-41B4-B75C-75CDDC38CC65}"
EndProject
Project("{FAE04EC0-301F-11D3-BF4B-00C04F79EFBC}") = "PokeSharp.Engine.Systems.Tests", "tests\PokeSharp.Engine.Systems.Tests\PokeSharp.Engine.Systems.Tests.csproj", "{34CA3CA9-AF96-450D-B528-850D9C955312}"
EndProject
Project("{FAE04EC0-301F-11D3-BF4B-00C04F79EFBC}") = "PokeSharp.Engine.Common", "PokeSharp.Engine.Common\PokeSharp.Engine.Common.csproj", "{0B66AEDA-4ACA-4FA8-B2EB-741C5BE3CF08}"
EndProject
Project("{FAE04EC0-301F-11D3-BF4B-00C04F79EFBC}") = "PokeSharp.Engine.Core", "PokeSharp.Engine.Core\PokeSharp.Engine.Core.csproj", "{BE0CFC20-1CB7-4888-8C77-9AF2858FAFF2}"
EndProject
Project("{FAE04EC0-301F-11D3-BF4B-00C04F79EFBC}") = "PokeSharp.Engine.Systems", "PokeSharp.Engine.Systems\PokeSharp.Engine.Systems.csproj", "{889CB59C-0FDB-41AA-8CD2-E8E536AF6770}"
EndProject
Project("{FAE04EC0-301F-11D3-BF4B-00C04F79EFBC}") = "PokeSharp.Engine.Rendering", "PokeSharp.Engine.Rendering\PokeSharp.Engine.Rendering.csproj", "{7EC8EB38-775A-41A6-8BAC-5DD0F5743085}"
EndProject
Project("{FAE04EC0-301F-11D3-BF4B-00C04F79EFBC}") = "PokeSharp.Engine.Input", "PokeSharp.Engine.Input\PokeSharp.Engine.Input.csproj", "{AEE0368C-C901-4BDE-AA3E-A1C838273642}"
EndProject
Project("{FAE04EC0-301F-11D3-BF4B-00C04F79EFBC}") = "PokeSharp.Engine.Scenes", "PokeSharp.Engine.Scenes\PokeSharp.Engine.Scenes.csproj", "{F3A8B2C1-9D4E-4F5A-8B6C-7E9F0A1B2C3D}"
EndProject
Project("{FAE04EC0-301F-11D3-BF4B-00C04F79EFBC}") = "PokeSharp.Engine.Scenes.Tests", "tests\PokeSharp.Engine.Scenes.Tests\PokeSharp.Engine.Scenes.Tests.csproj", "{A1B2C3D4-E5F6-4A7B-8C9D-0E1F2A3B4C5D}"
EndProject
Project("{FAE04EC0-301F-11D3-BF4B-00C04F79EFBC}") = "PokeSharp.Game.Components", "PokeSharp.Game.Components\PokeSharp.Game.Components.csproj", "{8102B091-D90E-4135-8FEC-3108946E02D6}"
EndProject
Project("{FAE04EC0-301F-11D3-BF4B-00C04F79EFBC}") = "PokeSharp.Game.Systems", "PokeSharp.Game.Systems\PokeSharp.Game.Systems.csproj", "{1E638242-0D18-46A3-9F12-1400A5CDFC4F}"
EndProject
Project("{FAE04EC0-301F-11D3-BF4B-00C04F79EFBC}") = "PokeSharp.Game.Data", "PokeSharp.Game.Data\PokeSharp.Game.Data.csproj", "{7E0131BB-0A78-43AD-8451-F74CCD39AEB1}"
EndProject
Project("{FAE04EC0-301F-11D3-BF4B-00C04F79EFBC}") = "PokeSharp.Game.Scripting", "PokeSharp.Game.Scripting\PokeSharp.Game.Scripting.csproj", "{B2CBF9DC-8EB2-4F43-9FAB-C8C6C6033D01}"
EndProject
Global
	GlobalSection(SolutionConfigurationPlatforms) = preSolution
		Debug|Any CPU = Debug|Any CPU
		Release|Any CPU = Release|Any CPU
	EndGlobalSection
	GlobalSection(ProjectConfigurationPlatforms) = postSolution
		{6C026CBA-1899-4421-8C51-BC3854A0D102}.Debug|Any CPU.ActiveCfg = Debug|Any CPU
		{6C026CBA-1899-4421-8C51-BC3854A0D102}.Debug|Any CPU.Build.0 = Debug|Any CPU
		{6C026CBA-1899-4421-8C51-BC3854A0D102}.Release|Any CPU.ActiveCfg = Release|Any CPU
		{6C026CBA-1899-4421-8C51-BC3854A0D102}.Release|Any CPU.Build.0 = Release|Any CPU
		{34CA3CA9-AF96-450D-B528-850D9C955312}.Debug|Any CPU.ActiveCfg = Debug|Any CPU
		{34CA3CA9-AF96-450D-B528-850D9C955312}.Debug|Any CPU.Build.0 = Debug|Any CPU
		{34CA3CA9-AF96-450D-B528-850D9C955312}.Release|Any CPU.ActiveCfg = Release|Any CPU
		{34CA3CA9-AF96-450D-B528-850D9C955312}.Release|Any CPU.Build.0 = Release|Any CPU
		{0B66AEDA-4ACA-4FA8-B2EB-741C5BE3CF08}.Debug|Any CPU.ActiveCfg = Debug|Any CPU
		{0B66AEDA-4ACA-4FA8-B2EB-741C5BE3CF08}.Debug|Any CPU.Build.0 = Debug|Any CPU
		{0B66AEDA-4ACA-4FA8-B2EB-741C5BE3CF08}.Release|Any CPU.ActiveCfg = Release|Any CPU
		{0B66AEDA-4ACA-4FA8-B2EB-741C5BE3CF08}.Release|Any CPU.Build.0 = Release|Any CPU
		{BE0CFC20-1CB7-4888-8C77-9AF2858FAFF2}.Debug|Any CPU.ActiveCfg = Debug|Any CPU
		{BE0CFC20-1CB7-4888-8C77-9AF2858FAFF2}.Debug|Any CPU.Build.0 = Debug|Any CPU
		{BE0CFC20-1CB7-4888-8C77-9AF2858FAFF2}.Release|Any CPU.ActiveCfg = Release|Any CPU
		{BE0CFC20-1CB7-4888-8C77-9AF2858FAFF2}.Release|Any CPU.Build.0 = Release|Any CPU
		{889CB59C-0FDB-41AA-8CD2-E8E536AF6770}.Debug|Any CPU.ActiveCfg = Debug|Any CPU
		{889CB59C-0FDB-41AA-8CD2-E8E536AF6770}.Debug|Any CPU.Build.0 = Debug|Any CPU
		{889CB59C-0FDB-41AA-8CD2-E8E536AF6770}.Release|Any CPU.ActiveCfg = Release|Any CPU
		{889CB59C-0FDB-41AA-8CD2-E8E536AF6770}.Release|Any CPU.Build.0 = Release|Any CPU
		{7EC8EB38-775A-41A6-8BAC-5DD0F5743085}.Debug|Any CPU.ActiveCfg = Debug|Any CPU
		{7EC8EB38-775A-41A6-8BAC-5DD0F5743085}.Debug|Any CPU.Build.0 = Debug|Any CPU
		{7EC8EB38-775A-41A6-8BAC-5DD0F5743085}.Release|Any CPU.ActiveCfg = Release|Any CPU
		{7EC8EB38-775A-41A6-8BAC-5DD0F5743085}.Release|Any CPU.Build.0 = Release|Any CPU
		{AEE0368C-C901-4BDE-AA3E-A1C838273642}.Debug|Any CPU.ActiveCfg = Debug|Any CPU
		{AEE0368C-C901-4BDE-AA3E-A1C838273642}.Debug|Any CPU.Build.0 = Debug|Any CPU
		{AEE0368C-C901-4BDE-AA3E-A1C838273642}.Release|Any CPU.ActiveCfg = Release|Any CPU
		{AEE0368C-C901-4BDE-AA3E-A1C838273642}.Release|Any CPU.Build.0 = Release|Any CPU
		{F3A8B2C1-9D4E-4F5A-8B6C-7E9F0A1B2C3D}.Debug|Any CPU.ActiveCfg = Debug|Any CPU
		{F3A8B2C1-9D4E-4F5A-8B6C-7E9F0A1B2C3D}.Debug|Any CPU.Build.0 = Debug|Any CPU
		{F3A8B2C1-9D4E-4F5A-8B6C-7E9F0A1B2C3D}.Release|Any CPU.ActiveCfg = Release|Any CPU
		{F3A8B2C1-9D4E-4F5A-8B6C-7E9F0A1B2C3D}.Release|Any CPU.Build.0 = Release|Any CPU
		{A1B2C3D4-E5F6-4A7B-8C9D-0E1F2A3B4C5D}.Debug|Any CPU.ActiveCfg = Debug|Any CPU
		{A1B2C3D4-E5F6-4A7B-8C9D-0E1F2A3B4C5D}.Debug|Any CPU.Build.0 = Debug|Any CPU
		{A1B2C3D4-E5F6-4A7B-8C9D-0E1F2A3B4C5D}.Release|Any CPU.ActiveCfg = Release|Any CPU
		{A1B2C3D4-E5F6-4A7B-8C9D-0E1F2A3B4C5D}.Release|Any CPU.Build.0 = Release|Any CPU
		{8102B091-D90E-4135-8FEC-3108946E02D6}.Debug|Any CPU.ActiveCfg = Debug|Any CPU
		{8102B091-D90E-4135-8FEC-3108946E02D6}.Debug|Any CPU.Build.0 = Debug|Any CPU
		{8102B091-D90E-4135-8FEC-3108946E02D6}.Release|Any CPU.ActiveCfg = Release|Any CPU
		{8102B091-D90E-4135-8FEC-3108946E02D6}.Release|Any CPU.Build.0 = Release|Any CPU
		{1E638242-0D18-46A3-9F12-1400A5CDFC4F}.Debug|Any CPU.ActiveCfg = Debug|Any CPU
		{1E638242-0D18-46A3-9F12-1400A5CDFC4F}.Debug|Any CPU.Build.0 = Debug|Any CPU
		{1E638242-0D18-46A3-9F12-1400A5CDFC4F}.Release|Any CPU.ActiveCfg = Release|Any CPU
		{1E638242-0D18-46A3-9F12-1400A5CDFC4F}.Release|Any CPU.Build.0 = Release|Any CPU
		{7E0131BB-0A78-43AD-8451-F74CCD39AEB1}.Debug|Any CPU.ActiveCfg = Debug|Any CPU
		{7E0131BB-0A78-43AD-8451-F74CCD39AEB1}.Debug|Any CPU.Build.0 = Debug|Any CPU
		{7E0131BB-0A78-43AD-8451-F74CCD39AEB1}.Release|Any CPU.ActiveCfg = Release|Any CPU
		{7E0131BB-0A78-43AD-8451-F74CCD39AEB1}.Release|Any CPU.Build.0 = Release|Any CPU
		{B2CBF9DC-8EB2-4F43-9FAB-C8C6C6033D01}.Debug|Any CPU.ActiveCfg = Debug|Any CPU
		{B2CBF9DC-8EB2-4F43-9FAB-C8C6C6033D01}.Debug|Any CPU.Build.0 = Debug|Any CPU
		{B2CBF9DC-8EB2-4F43-9FAB-C8C6C6033D01}.Release|Any CPU.ActiveCfg = Release|Any CPU
		{B2CBF9DC-8EB2-4F43-9FAB-C8C6C6033D01}.Release|Any CPU.Build.0 = Release|Any CPU
	EndGlobalSection
	GlobalSection(NestedProjects) = preSolution
		{34CA3CA9-AF96-450D-B528-850D9C955312} = {A0295B21-2A7E-41B4-B75C-75CDDC38CC65}
		{A1B2C3D4-E5F6-4A7B-8C9D-0E1F2A3B4C5D} = {A0295B21-2A7E-41B4-B75C-75CDDC38CC65}
	EndGlobalSection
EndGlobal
